{
    "name": "node-red-project",
    "version": "0.0.1",
    "lockfileVersion": 1,
    "requires": true,
    "dependencies": {
        "node-red-contrib-wait-paths": {
            "version": "0.3.2",
            "resolved": "https://registry.npmjs.org/node-red-contrib-wait-paths/-/node-red-contrib-wait-paths-0.3.2.tgz",
            "integrity": "sha512-5lpaO5z89BdmtDVd2RNXkhIt6enYC1sThzBtGjHuvYkWuFdd1oIUwz4Y+3O0bXM+HXtBuQP/UCUJsSOnN66HdQ=="
        }
    }
}
